// !$*UTF8*$!
{
	archiveVersion = 1;
	classes = {
	};
	objectVersion = 55;
	objects = {

/* Begin PBXBuildFile section */
		4B81C6AA28736AD500E387B6 /* AppDelegate.swift in Sources */ = {isa = PBXBuildFile; fileRef = 4B81C6A928736AD500E387B6 /* AppDelegate.swift */; };
		4B81C6AC28736AD500E387B6 /* SceneDelegate.swift in Sources */ = {isa = PBXBuildFile; fileRef = 4B81C6AB28736AD500E387B6 /* SceneDelegate.swift */; };
		4B81C6AE28736AD500E387B6 /* WishMapViewController.swift in Sources */ = {isa = PBXBuildFile; fileRef = 4B81C6AD28736AD500E387B6 /* WishMapViewController.swift */; };
		4B81C6B328736AD500E387B6 /* Assets.xcassets in Resources */ = {isa = PBXBuildFile; fileRef = 4B81C6B228736AD500E387B6 /* Assets.xcassets */; };
		4B81C6B628736AD500E387B6 /* LaunchScreen.storyboard in Resources */ = {isa = PBXBuildFile; fileRef = 4B81C6B428736AD500E387B6 /* LaunchScreen.storyboard */; };
		4B81C6BE28736C5400E387B6 /* MainTabBarController.swift in Sources */ = {isa = PBXBuildFile; fileRef = 4B81C6BD28736C5400E387B6 /* MainTabBarController.swift */; };
		4B81C6C028736D6E00E387B6 /* PhotosCollectionViewController.swift in Sources */ = {isa = PBXBuildFile; fileRef = 4B81C6BF28736D6E00E387B6 /* PhotosCollectionViewController.swift */; };
		4B81C6C22873962300E387B6 /* NetworkService.swift in Sources */ = {isa = PBXBuildFile; fileRef = 4B81C6C12873962300E387B6 /* NetworkService.swift */; };
		4B81C6C62874632E00E387B6 /* NetworkDataFetcher.swift in Sources */ = {isa = PBXBuildFile; fileRef = 4B81C6C52874632E00E387B6 /* NetworkDataFetcher.swift */; };
		4B81C6C82874639500E387B6 /* SearchResults.swift in Sources */ = {isa = PBXBuildFile; fileRef = 4B81C6C72874639500E387B6 /* SearchResults.swift */; };
		4B81C6CB28748CD000E387B6 /* PhotosCell.swift in Sources */ = {isa = PBXBuildFile; fileRef = 4B81C6CA28748CD000E387B6 /* PhotosCell.swift */; };
		4B81C6CE28749D0E00E387B6 /* SDWebImage in Frameworks */ = {isa = PBXBuildFile; productRef = 4B81C6CD28749D0E00E387B6 /* SDWebImage */; };
		4B81C6D028749D0E00E387B6 /* SDWebImageMapKit in Frameworks */ = {isa = PBXBuildFile; productRef = 4B81C6CF28749D0E00E387B6 /* SDWebImageMapKit */; };
/* End PBXBuildFile section */

/* Begin PBXFileReference section */
		4B81C6A628736AD500E387B6 /* WishMap.app */ = {isa = PBXFileReference; explicitFileType = wrapper.application; includeInIndex = 0; path = WishMap.app; sourceTree = BUILT_PRODUCTS_DIR; };
		4B81C6A928736AD500E387B6 /* AppDelegate.swift */ = {isa = PBXFileReference; lastKnownFileType = sourcecode.swift; path = AppDelegate.swift; sourceTree = "<group>"; };
		4B81C6AB28736AD500E387B6 /* SceneDelegate.swift */ = {isa = PBXFileReference; lastKnownFileType = sourcecode.swift; path = SceneDelegate.swift; sourceTree = "<group>"; };
		4B81C6AD28736AD500E387B6 /* WishMapViewController.swift */ = {isa = PBXFileReference; lastKnownFileType = sourcecode.swift; path = WishMapViewController.swift; sourceTree = "<group>"; };
		4B81C6B228736AD500E387B6 /* Assets.xcassets */ = {isa = PBXFileReference; lastKnownFileType = folder.assetcatalog; path = Assets.xcassets; sourceTree = "<group>"; };
		4B81C6B528736AD500E387B6 /* Base */ = {isa = PBXFileReference; lastKnownFileType = file.storyboard; name = Base; path = Base.lproj/LaunchScreen.storyboard; sourceTree = "<group>"; };
		4B81C6B728736AD500E387B6 /* Info.plist */ = {isa = PBXFileReference; lastKnownFileType = text.plist.xml; path = Info.plist; sourceTree = "<group>"; };
		4B81C6BD28736C5400E387B6 /* MainTabBarController.swift */ = {isa = PBXFileReference; lastKnownFileType = sourcecode.swift; path = MainTabBarController.swift; sourceTree = "<group>"; };
		4B81C6BF28736D6E00E387B6 /* PhotosCollectionViewController.swift */ = {isa = PBXFileReference; lastKnownFileType = sourcecode.swift; path = PhotosCollectionViewController.swift; sourceTree = "<group>"; };
		4B81C6C12873962300E387B6 /* NetworkService.swift */ = {isa = PBXFileReference; lastKnownFileType = sourcecode.swift; path = NetworkService.swift; sourceTree = "<group>"; };
		4B81C6C52874632E00E387B6 /* NetworkDataFetcher.swift */ = {isa = PBXFileReference; lastKnownFileType = sourcecode.swift; path = NetworkDataFetcher.swift; sourceTree = "<group>"; };
		4B81C6C72874639500E387B6 /* SearchResults.swift */ = {isa = PBXFileReference; lastKnownFileType = sourcecode.swift; path = SearchResults.swift; sourceTree = "<group>"; };
		4B81C6CA28748CD000E387B6 /* PhotosCell.swift */ = {isa = PBXFileReference; lastKnownFileType = sourcecode.swift; path = PhotosCell.swift; sourceTree = "<group>"; };
/* End PBXFileReference section */

/* Begin PBXFrameworksBuildPhase section */
		4B81C6A328736AD500E387B6 /* Frameworks */ = {
			isa = PBXFrameworksBuildPhase;
			buildActionMask = 2147483647;
			files = (
				4B81C6D028749D0E00E387B6 /* SDWebImageMapKit in Frameworks */,
				4B81C6CE28749D0E00E387B6 /* SDWebImage in Frameworks */,
			);
			runOnlyForDeploymentPostprocessing = 0;
		};
/* End PBXFrameworksBuildPhase section */

/* Begin PBXGroup section */
		4B81C69D28736AD500E387B6 = {
			isa = PBXGroup;
			children = (
				4B81C6A828736AD500E387B6 /* WishMap */,
				4B81C6A728736AD500E387B6 /* Products */,
			);
			sourceTree = "<group>";
		};
		4B81C6A728736AD500E387B6 /* Products */ = {
			isa = PBXGroup;
			children = (
				4B81C6A628736AD500E387B6 /* WishMap.app */,
			);
			name = Products;
			sourceTree = "<group>";
		};
		4B81C6A828736AD500E387B6 /* WishMap */ = {
			isa = PBXGroup;
			children = (
				4B81C6A928736AD500E387B6 /* AppDelegate.swift */,
				4B81C6AB28736AD500E387B6 /* SceneDelegate.swift */,
				4B81C6B228736AD500E387B6 /* Assets.xcassets */,
				4B81C6B428736AD500E387B6 /* LaunchScreen.storyboard */,
				4B81C6B728736AD500E387B6 /* Info.plist */,
				4B81C6C9287463A600E387B6 /* Models */,
				4B81C6C4287461EA00E387B6 /* Controllers */,
				4B81C6C328745DE800E387B6 /* Service */,
				4B81C6D12874A62C00E387B6 /* Cells */,
			);
			path = WishMap;
			sourceTree = "<group>";
		};
		4B81C6C328745DE800E387B6 /* Service */ = {
			isa = PBXGroup;
			children = (
				4B81C6C12873962300E387B6 /* NetworkService.swift */,
				4B81C6C52874632E00E387B6 /* NetworkDataFetcher.swift */,
			);
			path = Service;
			sourceTree = "<group>";
		};
		4B81C6C4287461EA00E387B6 /* Controllers */ = {
			isa = PBXGroup;
			children = (
				4B81C6AD28736AD500E387B6 /* WishMapViewController.swift */,
				4B81C6BD28736C5400E387B6 /* MainTabBarController.swift */,
				4B81C6BF28736D6E00E387B6 /* PhotosCollectionViewController.swift */,
			);
			path = Controllers;
			sourceTree = "<group>";
		};
		4B81C6C9287463A600E387B6 /* Models */ = {
			isa = PBXGroup;
			children = (
				4B81C6C72874639500E387B6 /* SearchResults.swift */,
			);
			path = Models;
			sourceTree = "<group>";
		};
		4B81C6D12874A62C00E387B6 /* Cells */ = {
			isa = PBXGroup;
			children = (
				4B81C6CA28748CD000E387B6 /* PhotosCell.swift */,
			);
			path = Cells;
			sourceTree = "<group>";
		};
/* End PBXGroup section */

/* Begin PBXNativeTarget section */
		4B81C6A528736AD500E387B6 /* WishMap */ = {
			isa = PBXNativeTarget;
			buildConfigurationList = 4B81C6BA28736AD500E387B6 /* Build configuration list for PBXNativeTarget "WishMap" */;
			buildPhases = (
				4B81C6A228736AD500E387B6 /* Sources */,
				4B81C6A328736AD500E387B6 /* Frameworks */,
				4B81C6A428736AD500E387B6 /* Resources */,
			);
			buildRules = (
			);
			dependencies = (
			);
			name = WishMap;
			packageProductDependencies = (
				4B81C6CD28749D0E00E387B6 /* SDWebImage */,
				4B81C6CF28749D0E00E387B6 /* SDWebImageMapKit */,
			);
			productName = WishMap;
			productReference = 4B81C6A628736AD500E387B6 /* WishMap.app */;
			productType = "com.apple.product-type.application";
		};
/* End PBXNativeTarget section */

/* Begin PBXProject section */
		4B81C69E28736AD500E387B6 /* Project object */ = {
			isa = PBXProject;
			attributes = {
				BuildIndependentTargetsInParallel = 1;
				LastSwiftUpdateCheck = 1330;
				LastUpgradeCheck = 1330;
				TargetAttributes = {
					4B81C6A528736AD500E387B6 = {
						CreatedOnToolsVersion = 13.3;
					};
				};
			};
			buildConfigurationList = 4B81C6A128736AD500E387B6 /* Build configuration list for PBXProject "WishMap" */;
			compatibilityVersion = "Xcode 13.0";
			developmentRegion = en;
			hasScannedForEncodings = 0;
			knownRegions = (
				en,
				Base,
			);
			mainGroup = 4B81C69D28736AD500E387B6;
			packageReferences = (
				4B81C6CC28749D0E00E387B6 /* XCRemoteSwiftPackageReference "SDWebImage" */,
			);
			productRefGroup = 4B81C6A728736AD500E387B6 /* Products */;
			projectDirPath = "";
			projectRoot = "";
			targets = (
				4B81C6A528736AD500E387B6 /* WishMap */,
			);
		};
/* End PBXProject section */

/* Begin PBXResourcesBuildPhase section */
		4B81C6A428736AD500E387B6 /* Resources */ = {
			isa = PBXResourcesBuildPhase;
			buildActionMask = 2147483647;
			files = (
				4B81C6B628736AD500E387B6 /* LaunchScreen.storyboard in Resources */,
				4B81C6B328736AD500E387B6 /* Assets.xcassets in Resources */,
			);
			runOnlyForDeploymentPostprocessing = 0;
		};
/* End PBXResourcesBuildPhase section */

/* Begin PBXSourcesBuildPhase section */
		4B81C6A228736AD500E387B6 /* Sources */ = {
			isa = PBXSourcesBuildPhase;
			buildActionMask = 2147483647;
			files = (
				4B81C6C62874632E00E387B6 /* NetworkDataFetcher.swift in Sources */,
				4B81C6AE28736AD500E387B6 /* WishMapViewController.swift in Sources */,
				4B81C6AA28736AD500E387B6 /* AppDelegate.swift in Sources */,
				4B81C6BE28736C5400E387B6 /* MainTabBarController.swift in Sources */,
				4B81C6C028736D6E00E387B6 /* PhotosCollectionViewController.swift in Sources */,
				4B81C6C22873962300E387B6 /* NetworkService.swift in Sources */,
				4B81C6C82874639500E387B6 /* SearchResults.swift in Sources */,
				4B81C6AC28736AD500E387B6 /* SceneDelegate.swift in Sources */,
				4B81C6CB28748CD000E387B6 /* PhotosCell.swift in Sources */,
			);
			runOnlyForDeploymentPostprocessing = 0;
		};
/* End PBXSourcesBuildPhase section */

/* Begin PBXVariantGroup section */
		4B81C6B428736AD500E387B6 /* LaunchScreen.storyboard */ = {
			isa = PBXVariantGroup;
			children = (
				4B81C6B528736AD500E387B6 /* Base */,
			);
			name = LaunchScreen.storyboard;
			sourceTree = "<group>";
		};
/* End PBXVariantGroup section */

/* Begin XCBuildConfiguration section */
		4B81C6B828736AD500E387B6 /* Debug */ = {
			isa = XCBuildConfiguration;
			buildSettings = {
				ALWAYS_SEARCH_USER_PATHS = NO;
				CLANG_ANALYZER_NONNULL = YES;
				CLANG_ANALYZER_NUMBER_OBJECT_CONVERSION = YES_AGGRESSIVE;
				CLANG_CXX_LANGUAGE_STANDARD = "gnu++17";
				CLANG_ENABLE_MODULES = YES;
				CLANG_ENABLE_OBJC_ARC = YES;
				CLANG_ENABLE_OBJC_WEAK = YES;
				CLANG_WARN_BLOCK_CAPTURE_AUTORELEASING = YES;
				CLANG_WARN_BOOL_CONVERSION = YES;
				CLANG_WARN_COMMA = YES;
				CLANG_WARN_CONSTANT_CONVERSION = YES;
				CLANG_WARN_DEPRECATED_OBJC_IMPLEMENTATIONS = YES;
				CLANG_WARN_DIRECT_OBJC_ISA_USAGE = YES_ERROR;
				CLANG_WARN_DOCUMENTATION_COMMENTS = YES;
				CLANG_WARN_EMPTY_BODY = YES;
				CLANG_WARN_ENUM_CONVERSION = YES;
				CLANG_WARN_INFINITE_RECURSION = YES;
				CLANG_WARN_INT_CONVERSION = YES;
				CLANG_WARN_NON_LITERAL_NULL_CONVERSION = YES;
				CLANG_WARN_OBJC_IMPLICIT_RETAIN_SELF = YES;
				CLANG_WARN_OBJC_LITERAL_CONVERSION = YES;
				CLANG_WARN_OBJC_ROOT_CLASS = YES_ERROR;
				CLANG_WARN_QUOTED_INCLUDE_IN_FRAMEWORK_HEADER = YES;
				CLANG_WARN_RANGE_LOOP_ANALYSIS = YES;
				CLANG_WARN_STRICT_PROTOTYPES = YES;
				CLANG_WARN_SUSPICIOUS_MOVE = YES;
				CLANG_WARN_UNGUARDED_AVAILABILITY = YES_AGGRESSIVE;
				CLANG_WARN_UNREACHABLE_CODE = YES;
				CLANG_WARN__DUPLICATE_METHOD_MATCH = YES;
				COPY_PHASE_STRIP = NO;
				DEBUG_INFORMATION_FORMAT = dwarf;
				ENABLE_STRICT_OBJC_MSGSEND = YES;
				ENABLE_TESTABILITY = YES;
				GCC_C_LANGUAGE_STANDARD = gnu11;
				GCC_DYNAMIC_NO_PIC = NO;
				GCC_NO_COMMON_BLOCKS = YES;
				GCC_OPTIMIZATION_LEVEL = 0;
				GCC_PREPROCESSOR_DEFINITIONS = (
					"DEBUG=1",
					"$(inherited)",
				);
				GCC_WARN_64_TO_32_BIT_CONVERSION = YES;
				GCC_WARN_ABOUT_RETURN_TYPE = YES_ERROR;
				GCC_WARN_UNDECLARED_SELECTOR = YES;
				GCC_WARN_UNINITIALIZED_AUTOS = YES_AGGRESSIVE;
				GCC_WARN_UNUSED_FUNCTION = YES;
				GCC_WARN_UNUSED_VARIABLE = YES;
				IPHONEOS_DEPLOYMENT_TARGET = 15.4;
				MTL_ENABLE_DEBUG_INFO = INCLUDE_SOURCE;
				MTL_FAST_MATH = YES;
				ONLY_ACTIVE_ARCH = YES;
				SDKROOT = iphoneos;
				SWIFT_ACTIVE_COMPILATION_CONDITIONS = DEBUG;
				SWIFT_OPTIMIZATION_LEVEL = "-Onone";
			};
			name = Debug;
		};
		4B81C6B928736AD500E387B6 /* Release */ = {
			isa = XCBuildConfiguration;
			buildSettings = {
				ALWAYS_SEARCH_USER_PATHS = NO;
				CLANG_ANALYZER_NONNULL = YES;
				CLANG_ANALYZER_NUMBER_OBJECT_CONVERSION = YES_AGGRESSIVE;
				CLANG_CXX_LANGUAGE_STANDARD = "gnu++17";
				CLANG_ENABLE_MODULES = YES;
				CLANG_ENABLE_OBJC_ARC = YES;
				CLANG_ENABLE_OBJC_WEAK = YES;
				CLANG_WARN_BLOCK_CAPTURE_AUTORELEASING = YES;
				CLANG_WARN_BOOL_CONVERSION = YES;
				CLANG_WARN_COMMA = YES;
				CLANG_WARN_CONSTANT_CONVERSION = YES;
				CLANG_WARN_DEPRECATED_OBJC_IMPLEMENTATIONS = YES;
				CLANG_WARN_DIRECT_OBJC_ISA_USAGE = YES_ERROR;
				CLANG_WARN_DOCUMENTATION_COMMENTS = YES;
				CLANG_WARN_EMPTY_BODY = YES;
				CLANG_WARN_ENUM_CONVERSION = YES;
				CLANG_WARN_INFINITE_RECURSION = YES;
				CLANG_WARN_INT_CONVERSION = YES;
				CLANG_WARN_NON_LITERAL_NULL_CONVERSION = YES;
				CLANG_WARN_OBJC_IMPLICIT_RETAIN_SELF = YES;
				CLANG_WARN_OBJC_LITERAL_CONVERSION = YES;
				CLANG_WARN_OBJC_ROOT_CLASS = YES_ERROR;
				CLANG_WARN_QUOTED_INCLUDE_IN_FRAMEWORK_HEADER = YES;
				CLANG_WARN_RANGE_LOOP_ANALYSIS = YES;
				CLANG_WARN_STRICT_PROTOTYPES = YES;
				CLANG_WARN_SUSPICIOUS_MOVE = YES;
				CLANG_WARN_UNGUARDED_AVAILABILITY = YES_AGGRESSIVE;
				CLANG_WARN_UNREACHABLE_CODE = YES;
				CLANG_WARN__DUPLICATE_METHOD_MATCH = YES;
				COPY_PHASE_STRIP = NO;
				DEBUG_INFORMATION_FORMAT = "dwarf-with-dsym";
				ENABLE_NS_ASSERTIONS = NO;
				ENABLE_STRICT_OBJC_MSGSEND = YES;
				GCC_C_LANGUAGE_STANDARD = gnu11;
				GCC_NO_COMMON_BLOCKS = YES;
				GCC_WARN_64_TO_32_BIT_CONVERSION = YES;
				GCC_WARN_ABOUT_RETURN_TYPE = YES_ERROR;
				GCC_WARN_UNDECLARED_SELECTOR = YES;
				GCC_WARN_UNINITIALIZED_AUTOS = YES_AGGRESSIVE;
				GCC_WARN_UNUSED_FUNCTION = YES;
				GCC_WARN_UNUSED_VARIABLE = YES;
				IPHONEOS_DEPLOYMENT_TARGET = 15.4;
				MTL_ENABLE_DEBUG_INFO = NO;
				MTL_FAST_MATH = YES;
				SDKROOT = iphoneos;
				SWIFT_COMPILATION_MODE = wholemodule;
				SWIFT_OPTIMIZATION_LEVEL = "-O";
				VALIDATE_PRODUCT = YES;
			};
			name = Release;
		};
		4B81C6BB28736AD500E387B6 /* Debug */ = {
			isa = XCBuildConfiguration;
			buildSettings = {
				ASSETCATALOG_COMPILER_APPICON_NAME = AppIcon;
				ASSETCATALOG_COMPILER_GLOBAL_ACCENT_COLOR_NAME = AccentColor;
				CODE_SIGN_STYLE = Automatic;
				CURRENT_PROJECT_VERSION = 1;
				GENERATE_INFOPLIST_FILE = YES;
				INFOPLIST_FILE = WishMap/Info.plist;
				INFOPLIST_KEY_UIApplicationSupportsIndirectInputEvents = YES;
				INFOPLIST_KEY_UILaunchStoryboardName = LaunchScreen;
				INFOPLIST_KEY_UISupportedInterfaceOrientations_iPad = "UIInterfaceOrientationPortrait UIInterfaceOrientationPortraitUpsideDown UIInterfaceOrientationLandscapeLeft UIInterfaceOrientationLandscapeRight";
				INFOPLIST_KEY_UISupportedInterfaceOrientations_iPhone = "UIInterfaceOrientationPortrait UIInterfaceOrientationLandscapeLeft UIInterfaceOrientationLandscapeRight";
				LD_RUNPATH_SEARCH_PATHS = (
					"$(inherited)",
					"@executable_path/Frameworks",
				);
				MARKETING_VERSION = 1.0;
				PRODUCT_BUNDLE_IDENTIFIER = "-.WishMap";
				PRODUCT_NAME = "$(TARGET_NAME)";
				SWIFT_EMIT_LOC_STRINGS = YES;
				SWIFT_VERSION = 5.0;
				TARGETED_DEVICE_FAMILY = "1,2";
			};
			name = Debug;
		};
		4B81C6BC28736AD500E387B6 /* Release */ = {
			isa = XCBuildConfiguration;
			buildSettings = {
				ASSETCATALOG_COMPILER_APPICON_NAME = AppIcon;
				ASSETCATALOG_COMPILER_GLOBAL_ACCENT_COLOR_NAME = AccentColor;
				CODE_SIGN_STYLE = Automatic;
				CURRENT_PROJECT_VERSION = 1;
				GENERATE_INFOPLIST_FILE = YES;
				INFOPLIST_FILE = WishMap/Info.plist;
				INFOPLIST_KEY_UIApplicationSupportsIndirectInputEvents = YES;
				INFOPLIST_KEY_UILaunchStoryboardName = LaunchScreen;
				INFOPLIST_KEY_UISupportedInterfaceOrientations_iPad = "UIInterfaceOrientationPortrait UIInterfaceOrientationPortraitUpsideDown UIInterfaceOrientationLandscapeLeft UIInterfaceOrientationLandscapeRight";
				INFOPLIST_KEY_UISupportedInterfaceOrientations_iPhone = "UIInterfaceOrientationPortrait UIInterfaceOrientationLandscapeLeft UIInterfaceOrientationLandscapeRight";
				LD_RUNPATH_SEARCH_PATHS = (
					"$(inherited)",
					"@executable_path/Frameworks",
				);
				MARKETING_VERSION = 1.0;
				PRODUCT_BUNDLE_IDENTIFIER = "-.WishMap";
				PRODUCT_NAME = "$(TARGET_NAME)";
				SWIFT_EMIT_LOC_STRINGS = YES;
				SWIFT_VERSION = 5.0;
				TARGETED_DEVICE_FAMILY = "1,2";
			};
			name = Release;
		};
/* End XCBuildConfiguration section */

/* Begin XCConfigurationList section */
		4B81C6A128736AD500E387B6 /* Build configuration list for PBXProject "WishMap" */ = {
			isa = XCConfigurationList;
			buildConfigurations = (
				4B81C6B828736AD500E387B6 /* Debug */,
				4B81C6B928736AD500E387B6 /* Release */,
			);
			defaultConfigurationIsVisible = 0;
			defaultConfigurationName = Release;
		};
		4B81C6BA28736AD500E387B6 /* Build configuration list for PBXNativeTarget "WishMap" */ = {
			isa = XCConfigurationList;
			buildConfigurations = (
				4B81C6BB28736AD500E387B6 /* Debug */,
				4B81C6BC28736AD500E387B6 /* Release */,
			);
			defaultConfigurationIsVisible = 0;
			defaultConfigurationName = Release;
		};
/* End XCConfigurationList section */

/* Begin XCRemoteSwiftPackageReference section */
		4B81C6CC28749D0E00E387B6 /* XCRemoteSwiftPackageReference "SDWebImage" */ = {
			isa = XCRemoteSwiftPackageReference;
			repositoryURL = "https://github.com/SDWebImage/SDWebImage";
			requirement = {
				kind = upToNextMajorVersion;
				minimumVersion = 5.0.0;
			};
		};
/* End XCRemoteSwiftPackageReference section */

/* Begin XCSwiftPackageProductDependency section */
		4B81C6CD28749D0E00E387B6 /* SDWebImage */ = {
			isa = XCSwiftPackageProductDependency;
			package = 4B81C6CC28749D0E00E387B6 /* XCRemoteSwiftPackageReference "SDWebImage" */;
			productName = SDWebImage;
		};
		4B81C6CF28749D0E00E387B6 /* SDWebImageMapKit */ = {
			isa = XCSwiftPackageProductDependency;
			package = 4B81C6CC28749D0E00E387B6 /* XCRemoteSwiftPackageReference "SDWebImage" */;
			productName = SDWebImageMapKit;
		};
/* End XCSwiftPackageProductDependency section */
	};
	rootObject = 4B81C69E28736AD500E387B6 /* Project object */;
}
